// !$*UTF8*$!
{
	archiveVersion = 1;
	classes = {
	};
	objectVersion = 46;
	objects = {

/* Begin PBXBuildFile section */
		C24923A71AD0DABA00DF08AA /* main.swift in Sources */ = {isa = PBXBuildFile; fileRef = C24923A61AD0DABA00DF08AA /* main.swift */; };
/* End PBXBuildFile section */

/* Begin PBXCopyFilesBuildPhase section */
		C24923A11AD0DABA00DF08AA /* CopyFiles */ = {
			isa = PBXCopyFilesBuildPhase;
			buildActionMask = 2147483647;
			dstPath = /usr/share/man/man1/;
			dstSubfolderSpec = 0;
			files = (
			);
			runOnlyForDeploymentPostprocessing = 1;
		};
/* End PBXCopyFilesBuildPhase section */

/* Begin PBXFileReference section */
		C24923A31AD0DABA00DF08AA /* swiftStu */ = {isa = PBXFileReference; explicitFileType = "compiled.mach-o.executable"; includeInIndex = 0; path = swiftStu; sourceTree = BUILT_PRODUCTS_DIR; };
		C24923A61AD0DABA00DF08AA /* main.swift */ = {isa = PBXFileReference; lastKnownFileType = sourcecode.swift; path = main.swift; sourceTree = "<group>"; };
/* End PBXFileReference section */

/* Begin PBXFrameworksBuildPhase section */
		C24923A01AD0DABA00DF08AA /* Frameworks */ = {
			isa = PBXFrameworksBuildPhase;
			buildActionMask = 2147483647;
			files = (
			);
			runOnlyForDeploymentPostprocessing = 0;
		};
/* End PBXFrameworksBuildPhase section */

/* Begin PBXGroup section */
		C249239A1AD0DABA00DF08AA = {
			isa = PBXGroup;
			children = (
				C24923A51AD0DABA00DF08AA /* swiftStu */,
				C24923A41AD0DABA00DF08AA /* Products */,
			);
			sourceTree = "<group>";
		};
		C24923A41AD0DABA00DF08AA /* Products */ = {
			isa = PBXGroup;
			children = (
				C24923A31AD0DABA00DF08AA /* swiftStu */,
			);
			name = Products;
			sourceTree = "<group>";
		};
		C24923A51AD0DABA00DF08AA /* swiftStu */ = {
			isa = PBXGroup;
			children = (
				C24923A61AD0DABA00DF08AA /* main.swift */,
			);
			path = swiftStu;
			sourceTree = "<group>";
		};
/* End PBXGroup section */

/* Begin PBXNativeTarget section */
		C24923A21AD0DABA00DF08AA /* swiftStu */ = {
			isa = PBXNativeTarget;
			buildConfigurationList = C24923AA1AD0DABA00DF08AA /* Build configuration list for PBXNativeTarget "swiftStu" */;
			buildPhases = (
				C249239F1AD0DABA00DF08AA /* Sources */,
				C24923A01AD0DABA00DF08AA /* Frameworks */,
				C24923A11AD0DABA00DF08AA /* CopyFiles */,
			);
			buildRules = (
			);
			dependencies = (
			);
			name = swiftStu;
			productName = swiftStu;
			productReference = C24923A31AD0DABA00DF08AA /* swiftStu */;
			productType = "com.apple.product-type.tool";
		};
/* End PBXNativeTarget section */

/* Begin PBXProject section */
		C249239B1AD0DABA00DF08AA /* Project object */ = {
			isa = PBXProject;
			attributes = {
				LastUpgradeCheck = 0620;
				ORGANIZATIONNAME = liugang;
				TargetAttributes = {
					C24923A21AD0DABA00DF08AA = {
						CreatedOnToolsVersion = 6.2;
					};
				};
			};
			buildConfigurationList = C249239E1AD0DABA00DF08AA /* Build configuration list for PBXProject "swiftStu" */;
			compatibilityVersion = "Xcode 3.2";
			developmentRegion = English;
			hasScannedForEncodings = 0;
			knownRegions = (
				en,
			);
			mainGroup = C249239A1AD0DABA00DF08AA;
			productRefGroup = C24923A41AD0DABA00DF08AA /* Products */;
			projectDirPath = "";
			projectRoot = "";
			targets = (
				C24923A21AD0DABA00DF08AA /* swiftStu */,
			);
		};
/* End PBXProject section */

/* Begin PBXSourcesBuildPhase section */
		C249239F1AD0DABA00DF08AA /* Sources */ = {
			isa = PBXSourcesBuildPhase;
			buildActionMask = 2147483647;
			files = (
				C24923A71AD0DABA00DF08AA /* main.swift in Sources */,
			);
			runOnlyForDeploymentPostprocessing = 0;
		};
/* End PBXSourcesBuildPhase section */

/* Begin XCBuildConfiguration section */
		C24923A81AD0DABA00DF08AA /* Debug */ = {
			isa = XCBuildConfiguration;
			buildSettings = {
				ALWAYS_SEARCH_USER_PATHS = NO;
				CLANG_CXX_LANGUAGE_STANDARD = "gnu++0x";
				CLANG_CXX_LIBRARY = "libc++";
				CLANG_ENABLE_MODULES = YES;
				CLANG_ENABLE_OBJC_ARC = YES;
				CLANG_WARN_BOOL_CONVERSION = YES;
				CLANG_WARN_CONSTANT_CONVERSION = YES;
				CLANG_WARN_DIRECT_OBJC_ISA_USAGE = YES_ERROR;
				CLANG_WARN_EMPTY_BODY = YES;
				CLANG_WARN_ENUM_CONVERSION = YES;
				CLANG_WARN_INT_CONVERSION = YES;
				CLANG_WARN_OBJC_ROOT_CLASS = YES_ERROR;
				CLANG_WARN_UNREACHABLE_CODE = YES;
				CLANG_WARN__DUPLICATE_METHOD_MATCH = YES;
				COPY_PHASE_STRIP = NO;
				ENABLE_STRICT_OBJC_MSGSEND = YES;
				GCC_C_LANGUAGE_STANDARD = gnu99;
				GCC_DYNAMIC_NO_PIC = NO;
				GCC_OPTIMIZATION_LEVEL = 0;
				GCC_PREPROCESSOR_DEFINITIONS = (
					"DEBUG=1",
					"$(inherited)",
				);
				GCC_SYMBOLS_PRIVATE_EXTERN = NO;
				GCC_WARN_64_TO_32_BIT_CONVERSION = YES;
				GCC_WARN_ABOUT_RETURN_TYPE = YES_ERROR;
				GCC_WARN_UNDECLARED_SELECTOR = YES;
				GCC_WARN_UNINITIALIZED_AUTOS = YES_AGGRESSIVE;
				GCC_WARN_UNUSED_FUNCTION = YES;
				GCC_WARN_UNUSED_VARIABLE = YES;
				MACOSX_DEPLOYMENT_TARGET = 10.10;
				MTL_ENABLE_DEBUG_INFO = YES;
				ONLY_ACTIVE_ARCH = YES;
				SDKROOT = macosx;
				SWIFT_OPTIMIZATION_LEVEL = "-Onone";
			};
			name = Debug;
		};
		C24923A91AD0DABA00DF08AA /* Release */ = {
			isa = XCBuildConfiguration;
			buildSettings = {
				ALWAYS_SEARCH_USER_PATHS = NO;
				CLANG_CXX_LANGUAGE_STANDARD = "gnu++0x";
				CLANG_CXX_LIBRARY = "libc++";
				CLANG_ENABLE_MODULES = YES;
				CLANG_ENABLE_OBJC_ARC = YES;
				CLANG_WARN_BOOL_CONVERSION = YES;
				CLANG_WARN_CONSTANT_CONVERSION = YES;
				CLANG_WARN_DIRECT_OBJC_ISA_USAGE = YES_ERROR;
				CLANG_WARN_EMPTY_BODY = YES;
				CLANG_WARN_ENUM_CONVERSION = YES;
				CLANG_WARN_INT_CONVERSION = YES;
				CLANG_WARN_OBJC_ROOT_CLASS = YES_ERROR;
				CLANG_WARN_UNREACHABLE_CODE = YES;
				CLANG_WARN__DUPLICATE_METHOD_MATCH = YES;
				COPY_PHASE_STRIP = NO;
				DEBUG_INFORMATION_FORMAT = "dwarf-with-dsym";
				ENABLE_NS_ASSERTIONS = NO;
				ENABLE_STRICT_OBJC_MSGSEND = YES;
				GCC_C_LANGUAGE_STANDARD = gnu99;
				GCC_WARN_64_TO_32_BIT_CONVERSION = YES;
				GCC_WARN_ABOUT_RETURN_TYPE = YES_ERROR;
				GCC_WARN_UNDECLARED_SELECTOR = YES;
				GCC_WARN_UNINITIALIZED_AUTOS = YES_AGGRESSIVE;
				GCC_WARN_UNUSED_FUNCTION = YES;
				GCC_WARN_UNUSED_VARIABLE = YES;
				MACOSX_DEPLOYMENT_TARGET = 10.10;
				MTL_ENABLE_DEBUG_INFO = NO;
				SDKROOT = macosx;
			};
			name = Release;
		};
		C24923AB1AD0DABA00DF08AA /* Debug */ = {
			isa = XCBuildConfiguration;
			buildSettings = {
				PRODUCT_NAME = "$(TARGET_NAME)";
			};
			name = Debug;
		};
		C24923AC1AD0DABA00DF08AA /* Release */ = {
			isa = XCBuildConfiguration;
			buildSettings = {
				PRODUCT_NAME = "$(TARGET_NAME)";
			};
			name = Release;
		};
/* End XCBuildConfiguration section */

/* Begin XCConfigurationList section */
		C249239E1AD0DABA00DF08AA /* Build configuration list for PBXProject "swiftStu" */ = {
			isa = XCConfigurationList;
			buildConfigurations = (
				C24923A81AD0DABA00DF08AA /* Debug */,
				C24923A91AD0DABA00DF08AA /* Release */,
			);
			defaultConfigurationIsVisible = 0;
			defaultConfigurationName = Release;
		};
		C24923AA1AD0DABA00DF08AA /* Build configuration list for PBXNativeTarget "swiftStu" */ = {
			isa = XCConfigurationList;
			buildConfigurations = (
				C24923AB1AD0DABA00DF08AA /* Debug */,
				C24923AC1AD0DABA00DF08AA /* Release */,
			);
			defaultConfigurationIsVisible = 0;
		};
/* End XCConfigurationList section */
	};
	rootObject = C249239B1AD0DABA00DF08AA /* Project object */;
}
